
Microsoft Visual Studio Solution File, Format Version 12.00
# Visual Studio 2013
VisualStudioVersion = 12.0.30501.0
MinimumVisualStudioVersion = 10.0.40219.1
Project("{FAE04EC0-301F-11D3-BF4B-00C04F79EFBC}") = "Terryberry.Http", "Terryberry.Http.csproj", "{184919AA-523A-4F4E-B16E-4808D9762146}"
EndProject
Global
	GlobalSection(SolutionConfigurationPlatforms) = preSolution
		Debug|Any CPU = Debug|Any CPU
		Release|Any CPU = Release|Any CPU
	EndGlobalSection
	GlobalSection(ProjectConfigurationPlatforms) = postSolution
		{184919AA-523A-4F4E-B16E-4808D9762146}.Debug|Any CPU.ActiveCfg = Debug|Any CPU
		{184919AA-523A-4F4E-B16E-4808D9762146}.Debug|Any CPU.Build.0 = Debug|Any CPU
		{184919AA-523A-4F4E-B16E-4808D9762146}.Release|Any CPU.ActiveCfg = Release|Any CPU
		{184919AA-523A-4F4E-B16E-4808D9762146}.Release|Any CPU.Build.0 = Release|Any CPU
	EndGlobalSection
	GlobalSection(SolutionProperties) = preSolution
		HideSolutionNode = FALSE
	EndGlobalSection
EndGlobal
